
Microsoft Visual Studio Solution File, Format Version 10.00
# Visual Studio 2008
Project("{8BC9CEB8-8B4A-11D0-8D11-00A0C91BC942}") = "hough_rect", "hough_rect\hough_rect.vcproj", "{1B6875A8-7BC8-483A-962A-1431074FB0FE}"
EndProject
Global
	GlobalSection(SolutionConfigurationPlatforms) = preSolution
		Debug|Win32 = Debug|Win32
		Release|Win32 = Release|Win32
	EndGlobalSection
	GlobalSection(ProjectConfigurationPlatforms) = postSolution
		{1B6875A8-7BC8-483A-962A-1431074FB0FE}.Debug|Win32.ActiveCfg = Debug|Win32
		{1B6875A8-7BC8-483A-962A-1431074FB0FE}.Debug|Win32.Build.0 = Debug|Win32
		{1B6875A8-7BC8-483A-962A-1431074FB0FE}.Release|Win32.ActiveCfg = Release|Win32
		{1B6875A8-7BC8-483A-962A-1431074FB0FE}.Release|Win32.Build.0 = Release|Win32
	EndGlobalSection
	GlobalSection(SolutionProperties) = preSolution
		HideSolutionNode = FALSE
	EndGlobalSection
EndGlobal
