
Microsoft Visual Studio Solution File, Format Version 10.00
# Visual Studio 2008
Project("{8BC9CEB8-8B4A-11D0-8D11-00A0C91BC942}") = "corner_cvGoodFeaturesToTrack", "corner_cvGoodFeaturesToTrack\corner_cvGoodFeaturesToTrack.vcproj", "{D8A0D261-8E0D-4649-B95F-31C6F5B17856}"
EndProject
Global
	GlobalSection(SolutionConfigurationPlatforms) = preSolution
		Debug|Win32 = Debug|Win32
		Release|Win32 = Release|Win32
	EndGlobalSection
	GlobalSection(ProjectConfigurationPlatforms) = postSolution
		{D8A0D261-8E0D-4649-B95F-31C6F5B17856}.Debug|Win32.ActiveCfg = Debug|Win32
		{D8A0D261-8E0D-4649-B95F-31C6F5B17856}.Debug|Win32.Build.0 = Debug|Win32
		{D8A0D261-8E0D-4649-B95F-31C6F5B17856}.Release|Win32.ActiveCfg = Release|Win32
		{D8A0D261-8E0D-4649-B95F-31C6F5B17856}.Release|Win32.Build.0 = Release|Win32
	EndGlobalSection
	GlobalSection(SolutionProperties) = preSolution
		HideSolutionNode = FALSE
	EndGlobalSection
EndGlobal
