
Microsoft Visual Studio Solution File, Format Version 10.00
# Visual Studio 2008
Project("{8BC9CEB8-8B4A-11D0-8D11-00A0C91BC942}") = "surf", "surf\surf.vcproj", "{E1475BA9-7AC3-40EB-8899-0B45E62B6D7A}"
EndProject
Global
	GlobalSection(SolutionConfigurationPlatforms) = preSolution
		Debug|Win32 = Debug|Win32
		Release|Win32 = Release|Win32
	EndGlobalSection
	GlobalSection(ProjectConfigurationPlatforms) = postSolution
		{E1475BA9-7AC3-40EB-8899-0B45E62B6D7A}.Debug|Win32.ActiveCfg = Debug|Win32
		{E1475BA9-7AC3-40EB-8899-0B45E62B6D7A}.Debug|Win32.Build.0 = Debug|Win32
		{E1475BA9-7AC3-40EB-8899-0B45E62B6D7A}.Release|Win32.ActiveCfg = Release|Win32
		{E1475BA9-7AC3-40EB-8899-0B45E62B6D7A}.Release|Win32.Build.0 = Release|Win32
	EndGlobalSection
	GlobalSection(SolutionProperties) = preSolution
		HideSolutionNode = FALSE
	EndGlobalSection
EndGlobal
