
Microsoft Visual Studio Solution File, Format Version 10.00
# Visual Studio 2008
Project("{8BC9CEB8-8B4A-11D0-8D11-00A0C91BC942}") = "灰度共生", "灰度共生\灰度共生.vcproj", "{787B67D5-3537-42DD-81B1-131C5BBE6AEF}"
EndProject
Global
	GlobalSection(SolutionConfigurationPlatforms) = preSolution
		Debug|Win32 = Debug|Win32
		Release|Win32 = Release|Win32
	EndGlobalSection
	GlobalSection(ProjectConfigurationPlatforms) = postSolution
		{787B67D5-3537-42DD-81B1-131C5BBE6AEF}.Debug|Win32.ActiveCfg = Debug|Win32
		{787B67D5-3537-42DD-81B1-131C5BBE6AEF}.Debug|Win32.Build.0 = Debug|Win32
		{787B67D5-3537-42DD-81B1-131C5BBE6AEF}.Release|Win32.ActiveCfg = Release|Win32
		{787B67D5-3537-42DD-81B1-131C5BBE6AEF}.Release|Win32.Build.0 = Release|Win32
	EndGlobalSection
	GlobalSection(SolutionProperties) = preSolution
		HideSolutionNode = FALSE
	EndGlobalSection
EndGlobal
